{
  "version": 4,
  "terraform_version": "1.10.4",
  "serial": 7,
  "lineage": "2a7a657b-296e-d349-f1de-f2db29e74e8f",
  "outputs": {},
  "resources": [
    {
      "mode": "data",
      "type": "databricks_node_type",
      "name": "smallest",
      "provider": "provider[\"registry.terraform.io/databricks/databricks\"]",
      "instances": [
        {
          "schema_version": 0,
          "attributes": {
            "category": null,
            "fleet": null,
            "gb_per_core": null,
            "graviton": null,
            "id": "Standard_F4s",
            "is_io_cache_enabled": null,
            "local_disk": true,
            "local_disk_min_size": null,
            "min_cores": null,
            "min_gpus": null,
            "min_memory_gb": null,
            "photon_driver_capable": null,
            "photon_worker_capable": null,
            "support_port_forwarding": null
          },
          "sensitive_attributes": []
        }
      ]
    },
    {
      "mode": "data",
      "type": "databricks_spark_version",
      "name": "latest_lts",
      "provider": "provider[\"registry.terraform.io/databricks/databricks\"]",
      "instances": [
        {
          "schema_version": 0,
          "attributes": {
            "beta": false,
            "genomics": false,
            "gpu": false,
            "graviton": false,
            "id": "15.4.x-scala2.12",
            "latest": true,
            "long_term_support": true,
            "ml": false,
            "photon": false,
            "scala": "2.12",
            "spark_version": null
          },
          "sensitive_attributes": []
        }
      ]
    },
    {
      "mode": "managed",
      "type": "azurerm_databricks_workspace",
      "name": "workspace",
      "provider": "provider[\"registry.terraform.io/hashicorp/azurerm\"]",
      "instances": [
        {
          "schema_version": 0,
          "attributes": {
            "access_connector_id": null,
            "custom_parameters": [
              {
                "machine_learning_workspace_id": "",
                "nat_gateway_name": "nat-gateway",
                "no_public_ip": true,
                "private_subnet_name": "",
                "private_subnet_network_security_group_association_id": "",
                "public_ip_name": "nat-gw-public-ip",
                "public_subnet_name": "",
                "public_subnet_network_security_group_association_id": "",
                "storage_account_name": "dbstoragepz76y3s5hckfu",
                "storage_account_sku_name": "Standard_GRS",
                "virtual_network_id": "",
                "vnet_address_prefix": "10.139"
              }
            ],
            "customer_managed_key_enabled": false,
            "default_storage_firewall_enabled": null,
            "disk_encryption_set_id": "",
            "enhanced_security_compliance": [],
            "id": "/subscriptions/95d06dc2-ec1c-4960-98d5-4fcfd6ca129e/resourceGroups/databricks-terraform-rg/providers/Microsoft.Databricks/workspaces/databricks-terraform-ws",
            "infrastructure_encryption_enabled": false,
            "load_balancer_backend_address_pool_id": "",
            "location": "centralindia",
            "managed_disk_cmk_key_vault_id": "",
            "managed_disk_cmk_key_vault_key_id": "",
            "managed_disk_cmk_rotation_to_latest_version_enabled": false,
            "managed_disk_identity": [],
            "managed_resource_group_id": "/subscriptions/95d06dc2-ec1c-4960-98d5-4fcfd6ca129e/resourceGroups/databricks-rg-databricks-terraform-rg",
            "managed_resource_group_name": "databricks-rg-databricks-terraform-rg",
            "managed_services_cmk_key_vault_id": "",
            "managed_services_cmk_key_vault_key_id": "",
            "name": "databricks-terraform-ws",
            "network_security_group_rules_required": null,
            "public_network_access_enabled": true,
            "resource_group_name": "databricks-terraform-rg",
            "sku": "premium",
            "storage_account_identity": [],
            "tags": null,
            "timeouts": null,
            "workspace_id": "596345804809198",
            "workspace_url": "adb-596345804809198.18.azuredatabricks.net"
          },
          "sensitive_attributes": [],
          "private": "eyJlMmJmYjczMC1lY2FhLTExZTYtOGY4OC0zNDM2M2JjN2M0YzAiOnsiY3JlYXRlIjoxODAwMDAwMDAwMDAwLCJkZWxldGUiOjE4MDAwMDAwMDAwMDAsInJlYWQiOjMwMDAwMDAwMDAwMCwidXBkYXRlIjoxODAwMDAwMDAwMDAwfX0=",
          "dependencies": [
            "azurerm_resource_group.resourcegroup"
          ]
        }
      ]
    },
    {
      "mode": "managed",
      "type": "azurerm_resource_group",
      "name": "resourcegroup",
      "provider": "provider[\"registry.terraform.io/hashicorp/azurerm\"]",
      "instances": [
        {
          "schema_version": 0,
          "attributes": {
            "id": "/subscriptions/95d06dc2-ec1c-4960-98d5-4fcfd6ca129e/resourceGroups/databricks-terraform-rg",
            "location": "centralindia",
            "managed_by": "",
            "name": "databricks-terraform-rg",
            "tags": null,
            "timeouts": null
          },
          "sensitive_attributes": [],
          "private": "eyJlMmJmYjczMC1lY2FhLTExZTYtOGY4OC0zNDM2M2JjN2M0YzAiOnsiY3JlYXRlIjo1NDAwMDAwMDAwMDAwLCJkZWxldGUiOjU0MDAwMDAwMDAwMDAsInJlYWQiOjMwMDAwMDAwMDAwMCwidXBkYXRlIjo1NDAwMDAwMDAwMDAwfX0="
        }
      ]
    },
    {
      "mode": "managed",
      "type": "databricks_cluster",
      "name": "shared_autoscaling",
      "provider": "provider[\"registry.terraform.io/databricks/databricks\"]",
      "instances": [
        {
          "schema_version": 4,
          "attributes": {
            "apply_policy_default_values": null,
            "autoscale": [
              {
                "max_workers": 5,
                "min_workers": 1
              }
            ],
            "autotermination_minutes": 20,
            "aws_attributes": [],
            "azure_attributes": [
              {
                "availability": "SPOT_WITH_FALLBACK_AZURE",
                "first_on_demand": 2147483647,
                "log_analytics_info": [],
                "spot_bid_max_price": -1
              }
            ],
            "cluster_id": "0113-131359-w7mnbkqn",
            "cluster_log_conf": [],
            "cluster_mount_info": [],
            "cluster_name": "Shared Autoscaling-Terraform",
            "custom_tags": {
              "createdby": "InfraTeam"
            },
            "data_security_mode": null,
            "default_tags": {
              "ClusterId": "0113-131359-w7mnbkqn",
              "ClusterName": "Shared Autoscaling-Terraform",
              "Creator": "6de2b41d-2c76-46ad-be8e-6f7fcf4da43f",
              "DatabricksInstanceGroupId": "-6155918521858170849",
              "DatabricksInstancePoolCreatorId": "5175257822960402",
              "DatabricksInstancePoolId": "0113-131357-booms456-pool-jx1ll2aj",
              "Vendor": "Databricks"
            },
            "docker_image": [],
            "driver_instance_pool_id": "0113-131357-booms456-pool-jx1ll2aj",
            "driver_node_type_id": "Standard_F4s",
            "enable_elastic_disk": true,
            "enable_local_disk_encryption": false,
            "gcp_attributes": [],
            "id": "0113-131359-w7mnbkqn",
            "idempotency_token": null,
            "init_scripts": [],
            "instance_pool_id": "0113-131357-booms456-pool-jx1ll2aj",
            "is_pinned": false,
            "is_single_node": false,
            "kind": null,
            "library": [],
            "no_wait": null,
            "node_type_id": "Standard_F4s",
            "num_workers": 0,
            "policy_id": null,
            "runtime_engine": null,
            "single_user_name": null,
            "spark_conf": {
              "spark.databricks.io.cache.enabled": "true"
            },
            "spark_env_vars": null,
            "spark_version": "15.4.x-scala2.12",
            "ssh_public_keys": null,
            "state": "RUNNING",
            "timeouts": null,
            "url": "https://adb-596345804809198.18.azuredatabricks.net/#setting/clusters/0113-131359-w7mnbkqn/configuration",
            "use_ml_runtime": false,
            "workload_type": []
          },
          "sensitive_attributes": [],
          "private": "eyJlMmJmYjczMC1lY2FhLTExZTYtOGY4OC0zNDM2M2JjN2M0YzAiOnsiY3JlYXRlIjoxODAwMDAwMDAwMDAwLCJkZWxldGUiOjE4MDAwMDAwMDAwMDAsInVwZGF0ZSI6MTgwMDAwMDAwMDAwMH0sInNjaGVtYV92ZXJzaW9uIjoiNCJ9",
          "dependencies": [
            "azurerm_databricks_workspace.workspace",
            "azurerm_resource_group.resourcegroup",
            "data.databricks_node_type.smallest",
            "data.databricks_spark_version.latest_lts",
            "databricks_instance_pool.pool"
          ]
        }
      ]
    },
    {
      "mode": "managed",
      "type": "databricks_instance_pool",
      "name": "pool",
      "provider": "provider[\"registry.terraform.io/databricks/databricks\"]",
      "instances": [
        {
          "schema_version": 0,
          "attributes": {
            "aws_attributes": [],
            "azure_attributes": [
              {
                "availability": "ON_DEMAND_AZURE",
                "spot_bid_max_price": 0
              }
            ],
            "custom_tags": null,
            "disk_spec": [],
            "enable_elastic_disk": true,
            "gcp_attributes": [],
            "id": "0113-131357-booms456-pool-jx1ll2aj",
            "idle_instance_autotermination_minutes": 10,
            "instance_pool_fleet_attributes": [],
            "instance_pool_id": "0113-131357-booms456-pool-jx1ll2aj",
            "instance_pool_name": "databricks-terraform-pool",
            "max_capacity": 10,
            "min_idle_instances": 0,
            "node_type_id": "Standard_F4s",
            "preloaded_docker_image": [],
            "preloaded_spark_versions": null
          },
          "sensitive_attributes": [],
          "private": "bnVsbA==",
          "dependencies": [
            "azurerm_databricks_workspace.workspace",
            "azurerm_resource_group.resourcegroup",
            "data.databricks_node_type.smallest"
          ]
        }
      ]
    }
  ],
  "check_results": null
}
